// !$*UTF8*$!
{
	archiveVersion = 1;
	classes = {
	};
	objectVersion = 46;
	objects = {

/* Begin PBXGroup section */
		CC49BAAC1BC6FA0F00198435 = {
			isa = PBXGroup;
			children = (
			);
			sourceTree = "<group>";
		};
/* End PBXGroup section */

/* Begin PBXProject section */
		CC49BAAD1BC6FA0F00198435 /* Project object */ = {
			isa = PBXProject;
			attributes = {
				LastUpgradeCheck = 0700;
			};
			buildConfigurationList = CC49BAB01BC6FA0F00198435 /* Build configuration list for PBXProject "CGPathExt" */;
			compatibilityVersion = "Xcode 3.2";
			developmentRegion = English;
			hasScannedForEncodings = 0;
			knownRegions = (
				en,
			);
			mainGroup = CC49BAAC1BC6FA0F00198435;
			projectDirPath = "";
			projectRoot = "";
			targets = (
			);
		};
/* End PBXProject section */

/* Begin XCBuildConfiguration section */
		CC49BAB11BC6FA0F00198435 /* Debug */ = {
			isa = XCBuildConfiguration;
			buildSettings = {
			};
			name = Debug;
		};
		CC49BAB21BC6FA0F00198435 /* Release */ = {
			isa = XCBuildConfiguration;
			buildSettings = {
			};
			name = Release;
		};
/* End XCBuildConfiguration section */

/* Begin XCConfigurationList section */
		CC49BAB01BC6FA0F00198435 /* Build configuration list for PBXProject "CGPathExt" */ = {
			isa = XCConfigurationList;
			buildConfigurations = (
				CC49BAB11BC6FA0F00198435 /* Debug */,
				CC49BAB21BC6FA0F00198435 /* Release */,
			);
			defaultConfigurationIsVisible = 0;
			defaultConfigurationName = Release;
		};
/* End XCConfigurationList section */
	};
	rootObject = CC49BAAD1BC6FA0F00198435 /* Project object */;
}
